
Microsoft Visual Studio Solution File, Format Version 12.00
# Visual Studio 15
VisualStudioVersion = 15.0.26124.0
MinimumVisualStudioVersion = 15.0.26124.0
Project("{FAE04EC0-301F-11D3-BF4B-00C04F79EFBC}") = "ok", "ok\ok.csproj", "{2B65F7AD-137E-4F98-AD28-6DB455328E26}"
EndProject
Project("{FAE04EC0-301F-11D3-BF4B-00C04F79EFBC}") = "NonConTroll", "NonConTroll\NonConTroll.csproj", "{B39797D6-394D-4854-9D2A-B7F47C9EE97C}"
EndProject
Global
	GlobalSection(SolutionConfigurationPlatforms) = preSolution
		Debug|x64 = Debug|x64
		Release|x64 = Release|x64
	EndGlobalSection
	GlobalSection(SolutionProperties) = preSolution
		HideSolutionNode = FALSE
	EndGlobalSection
	GlobalSection(ProjectConfigurationPlatforms) = postSolution
		{B39797D6-394D-4854-9D2A-B7F47C9EE97C}.Debug|x64.ActiveCfg = Debug|Any CPU
		{B39797D6-394D-4854-9D2A-B7F47C9EE97C}.Debug|x64.Build.0 = Debug|Any CPU
		{B39797D6-394D-4854-9D2A-B7F47C9EE97C}.Release|x64.ActiveCfg = Release|Any CPU
		{B39797D6-394D-4854-9D2A-B7F47C9EE97C}.Release|x64.Build.0 = Release|Any CPU
		{2B65F7AD-137E-4F98-AD28-6DB455328E26}.Debug|x64.ActiveCfg = Debug|Any CPU
		{2B65F7AD-137E-4F98-AD28-6DB455328E26}.Debug|x64.Build.0 = Debug|Any CPU
		{2B65F7AD-137E-4F98-AD28-6DB455328E26}.Release|x64.ActiveCfg = Release|Any CPU
		{2B65F7AD-137E-4F98-AD28-6DB455328E26}.Release|x64.Build.0 = Release|Any CPU
	EndGlobalSection
EndGlobal
